// !$*UTF8*$!
{
	archiveVersion = 1;
	classes = {
	};
	objectVersion = 50;
	objects = {

/* Begin PBXBuildFile section */
		CA0B402925DD7543008BAF31 /* AppDelegate.swift in Sources */ = {isa = PBXBuildFile; fileRef = CA0B402825DD7543008BAF31 /* AppDelegate.swift */; };
		CA0B402B25DD7543008BAF31 /* SceneDelegate.swift in Sources */ = {isa = PBXBuildFile; fileRef = CA0B402A25DD7543008BAF31 /* SceneDelegate.swift */; };
		CA0B402D25DD7543008BAF31 /* EmojiMemoryGameView.swift in Sources */ = {isa = PBXBuildFile; fileRef = CA0B402C25DD7543008BAF31 /* EmojiMemoryGameView.swift */; };
		CA0B402F25DD7544008BAF31 /* Assets.xcassets in Resources */ = {isa = PBXBuildFile; fileRef = CA0B402E25DD7544008BAF31 /* Assets.xcassets */; };
		CA0B403225DD7544008BAF31 /* Preview Assets.xcassets in Resources */ = {isa = PBXBuildFile; fileRef = CA0B403125DD7544008BAF31 /* Preview Assets.xcassets */; };
		CA0B403525DD7544008BAF31 /* LaunchScreen.storyboard in Resources */ = {isa = PBXBuildFile; fileRef = CA0B403325DD7544008BAF31 /* LaunchScreen.storyboard */; };
		CA8DF12B25FEC35400A5E846 /* Pie.swift in Sources */ = {isa = PBXBuildFile; fileRef = CA8DF12A25FEC35400A5E846 /* Pie.swift */; };
		CA8DF12F25FECF2D00A5E846 /* Cardify.swift in Sources */ = {isa = PBXBuildFile; fileRef = CA8DF12E25FECF2D00A5E846 /* Cardify.swift */; };
		CA9848D025DEA460004CCEDC /* MemoryGame.swift in Sources */ = {isa = PBXBuildFile; fileRef = CA9848CF25DEA460004CCEDC /* MemoryGame.swift */; };
		CA9848D425DEA47B004CCEDC /* EmojiMemoryGameViewModel.swift in Sources */ = {isa = PBXBuildFile; fileRef = CA9848D325DEA47B004CCEDC /* EmojiMemoryGameViewModel.swift */; };
		CA9FE68325F55AA500F53463 /* GridLayout.swift in Sources */ = {isa = PBXBuildFile; fileRef = CA9FE68225F55AA500F53463 /* GridLayout.swift */; };
		CA9FE68625F55C0E00F53463 /* Grid.swift in Sources */ = {isa = PBXBuildFile; fileRef = CA9FE68525F55C0E00F53463 /* Grid.swift */; };
		CA9FE68B25F57D8B00F53463 /* Array+Identifiable.swift in Sources */ = {isa = PBXBuildFile; fileRef = CA9FE68A25F57D8B00F53463 /* Array+Identifiable.swift */; };
		CA9FE68E25F583BD00F53463 /* Array+Only.swift in Sources */ = {isa = PBXBuildFile; fileRef = CA9FE68D25F583BD00F53463 /* Array+Only.swift */; };
		CA9FE69225F67C2800F53463 /* EmojiMemoryGameTheme.swift in Sources */ = {isa = PBXBuildFile; fileRef = CA9FE69125F67C2800F53463 /* EmojiMemoryGameTheme.swift */; };
		CA9FE69525F6837C00F53463 /* String+Capitalize.swift in Sources */ = {isa = PBXBuildFile; fileRef = CA9FE69425F6837C00F53463 /* String+Capitalize.swift */; };
/* End PBXBuildFile section */

/* Begin PBXFileReference section */
		CA0B402525DD7543008BAF31 /* Memorize.app */ = {isa = PBXFileReference; explicitFileType = wrapper.application; includeInIndex = 0; path = Memorize.app; sourceTree = BUILT_PRODUCTS_DIR; };
		CA0B402825DD7543008BAF31 /* AppDelegate.swift */ = {isa = PBXFileReference; lastKnownFileType = sourcecode.swift; path = AppDelegate.swift; sourceTree = "<group>"; };
		CA0B402A25DD7543008BAF31 /* SceneDelegate.swift */ = {isa = PBXFileReference; lastKnownFileType = sourcecode.swift; path = SceneDelegate.swift; sourceTree = "<group>"; };
		CA0B402C25DD7543008BAF31 /* EmojiMemoryGameView.swift */ = {isa = PBXFileReference; lastKnownFileType = sourcecode.swift; path = EmojiMemoryGameView.swift; sourceTree = "<group>"; };
		CA0B402E25DD7544008BAF31 /* Assets.xcassets */ = {isa = PBXFileReference; lastKnownFileType = folder.assetcatalog; path = Assets.xcassets; sourceTree = "<group>"; };
		CA0B403125DD7544008BAF31 /* Preview Assets.xcassets */ = {isa = PBXFileReference; lastKnownFileType = folder.assetcatalog; path = "Preview Assets.xcassets"; sourceTree = "<group>"; };
		CA0B403425DD7544008BAF31 /* Base */ = {isa = PBXFileReference; lastKnownFileType = file.storyboard; name = Base; path = Base.lproj/LaunchScreen.storyboard; sourceTree = "<group>"; };
		CA0B403625DD7544008BAF31 /* Info.plist */ = {isa = PBXFileReference; lastKnownFileType = text.plist.xml; path = Info.plist; sourceTree = "<group>"; };
		CA8DF12A25FEC35400A5E846 /* Pie.swift */ = {isa = PBXFileReference; lastKnownFileType = sourcecode.swift; path = Pie.swift; sourceTree = "<group>"; };
		CA8DF12E25FECF2D00A5E846 /* Cardify.swift */ = {isa = PBXFileReference; lastKnownFileType = sourcecode.swift; path = Cardify.swift; sourceTree = "<group>"; };
		CA9848CF25DEA460004CCEDC /* MemoryGame.swift */ = {isa = PBXFileReference; lastKnownFileType = sourcecode.swift; path = MemoryGame.swift; sourceTree = "<group>"; };
		CA9848D325DEA47B004CCEDC /* EmojiMemoryGameViewModel.swift */ = {isa = PBXFileReference; lastKnownFileType = sourcecode.swift; path = EmojiMemoryGameViewModel.swift; sourceTree = "<group>"; };
		CA9FE68225F55AA500F53463 /* GridLayout.swift */ = {isa = PBXFileReference; fileEncoding = 4; lastKnownFileType = sourcecode.swift; path = GridLayout.swift; sourceTree = "<group>"; };
		CA9FE68525F55C0E00F53463 /* Grid.swift */ = {isa = PBXFileReference; lastKnownFileType = sourcecode.swift; path = Grid.swift; sourceTree = "<group>"; };
		CA9FE68A25F57D8B00F53463 /* Array+Identifiable.swift */ = {isa = PBXFileReference; lastKnownFileType = sourcecode.swift; path = "Array+Identifiable.swift"; sourceTree = "<group>"; };
		CA9FE68D25F583BD00F53463 /* Array+Only.swift */ = {isa = PBXFileReference; lastKnownFileType = sourcecode.swift; path = "Array+Only.swift"; sourceTree = "<group>"; };
		CA9FE69125F67C2800F53463 /* EmojiMemoryGameTheme.swift */ = {isa = PBXFileReference; lastKnownFileType = sourcecode.swift; path = EmojiMemoryGameTheme.swift; sourceTree = "<group>"; };
		CA9FE69425F6837C00F53463 /* String+Capitalize.swift */ = {isa = PBXFileReference; lastKnownFileType = sourcecode.swift; path = "String+Capitalize.swift"; sourceTree = "<group>"; };
/* End PBXFileReference section */

/* Begin PBXFrameworksBuildPhase section */
		CA0B402225DD7543008BAF31 /* Frameworks */ = {
			isa = PBXFrameworksBuildPhase;
			buildActionMask = 2147483647;
			files = (
			);
			runOnlyForDeploymentPostprocessing = 0;
		};
/* End PBXFrameworksBuildPhase section */

/* Begin PBXGroup section */
		CA0B401C25DD7543008BAF31 = {
			isa = PBXGroup;
			children = (
				CA0B402725DD7543008BAF31 /* MemorizeReplica */,
				CA0B402625DD7543008BAF31 /* Products */,
			);
			sourceTree = "<group>";
		};
		CA0B402625DD7543008BAF31 /* Products */ = {
			isa = PBXGroup;
			children = (
				CA0B402525DD7543008BAF31 /* Memorize.app */,
			);
			name = Products;
			sourceTree = "<group>";
		};
		CA0B402725DD7543008BAF31 /* MemorizeReplica */ = {
			isa = PBXGroup;
			children = (
				CA0B402825DD7543008BAF31 /* AppDelegate.swift */,
				CA0B402A25DD7543008BAF31 /* SceneDelegate.swift */,
				CA9848CB25DEA3EA004CCEDC /* View */,
				CA9848CD25DEA41B004CCEDC /* ViewModel */,
				CA9848CA25DEA3DC004CCEDC /* Model */,
				CA0B402E25DD7544008BAF31 /* Assets.xcassets */,
				CA0B403325DD7544008BAF31 /* LaunchScreen.storyboard */,
				CA0B403625DD7544008BAF31 /* Info.plist */,
				CA0B403025DD7544008BAF31 /* Preview Content */,
			);
			path = MemorizeReplica;
			sourceTree = "<group>";
		};
		CA0B403025DD7544008BAF31 /* Preview Content */ = {
			isa = PBXGroup;
			children = (
				CA0B403125DD7544008BAF31 /* Preview Assets.xcassets */,
			);
			path = "Preview Content";
			sourceTree = "<group>";
		};
		CA9848CA25DEA3DC004CCEDC /* Model */ = {
			isa = PBXGroup;
			children = (
				CA9FE68925F57D6500F53463 /* Extension */,
				CA9848CF25DEA460004CCEDC /* MemoryGame.swift */,
			);
			name = Model;
			sourceTree = "<group>";
		};
		CA9848CB25DEA3EA004CCEDC /* View */ = {
			isa = PBXGroup;
			children = (
				CA8DF12A25FEC35400A5E846 /* Pie.swift */,
				CA0B402C25DD7543008BAF31 /* EmojiMemoryGameView.swift */,
				CA8DF12E25FECF2D00A5E846 /* Cardify.swift */,
				CA9FE68225F55AA500F53463 /* GridLayout.swift */,
				CA9FE68525F55C0E00F53463 /* Grid.swift */,
				CA9FE69025F67B6600F53463 /* Theme */,
			);
			name = View;
			sourceTree = "<group>";
		};
		CA9848CD25DEA41B004CCEDC /* ViewModel */ = {
			isa = PBXGroup;
			children = (
				CA9848D325DEA47B004CCEDC /* EmojiMemoryGameViewModel.swift */,
			);
			name = ViewModel;
			sourceTree = "<group>";
		};
		CA9FE68925F57D6500F53463 /* Extension */ = {
			isa = PBXGroup;
			children = (
				CA9FE68A25F57D8B00F53463 /* Array+Identifiable.swift */,
				CA9FE68D25F583BD00F53463 /* Array+Only.swift */,
				CA9FE69425F6837C00F53463 /* String+Capitalize.swift */,
			);
			name = Extension;
			sourceTree = "<group>";
		};
		CA9FE69025F67B6600F53463 /* Theme */ = {
			isa = PBXGroup;
			children = (
				CA9FE69125F67C2800F53463 /* EmojiMemoryGameTheme.swift */,
			);
			name = Theme;
			sourceTree = "<group>";
		};
/* End PBXGroup section */

/* Begin PBXNativeTarget section */
		CA0B402425DD7543008BAF31 /* MemorizeReplica */ = {
			isa = PBXNativeTarget;
			buildConfigurationList = CA0B403925DD7544008BAF31 /* Build configuration list for PBXNativeTarget "MemorizeReplica" */;
			buildPhases = (
				CA0B402125DD7543008BAF31 /* Sources */,
				CA0B402225DD7543008BAF31 /* Frameworks */,
				CA0B402325DD7543008BAF31 /* Resources */,
			);
			buildRules = (
			);
			dependencies = (
			);
			name = MemorizeReplica;
			productName = MemorizeReplica;
			productReference = CA0B402525DD7543008BAF31 /* Memorize.app */;
			productType = "com.apple.product-type.application";
		};
/* End PBXNativeTarget section */

/* Begin PBXProject section */
		CA0B401D25DD7543008BAF31 /* Project object */ = {
			isa = PBXProject;
			attributes = {
				LastSwiftUpdateCheck = 1240;
				LastUpgradeCheck = 1240;
				TargetAttributes = {
					CA0B402425DD7543008BAF31 = {
						CreatedOnToolsVersion = 12.4;
					};
				};
			};
			buildConfigurationList = CA0B402025DD7543008BAF31 /* Build configuration list for PBXProject "MemorizeReplica" */;
			compatibilityVersion = "Xcode 9.3";
			developmentRegion = en;
			hasScannedForEncodings = 0;
			knownRegions = (
				en,
				Base,
			);
			mainGroup = CA0B401C25DD7543008BAF31;
			productRefGroup = CA0B402625DD7543008BAF31 /* Products */;
			projectDirPath = "";
			projectRoot = "";
			targets = (
				CA0B402425DD7543008BAF31 /* MemorizeReplica */,
			);
		};
/* End PBXProject section */

/* Begin PBXResourcesBuildPhase section */
		CA0B402325DD7543008BAF31 /* Resources */ = {
			isa = PBXResourcesBuildPhase;
			buildActionMask = 2147483647;
			files = (
				CA0B403525DD7544008BAF31 /* LaunchScreen.storyboard in Resources */,
				CA0B403225DD7544008BAF31 /* Preview Assets.xcassets in Resources */,
				CA0B402F25DD7544008BAF31 /* Assets.xcassets in Resources */,
			);
			runOnlyForDeploymentPostprocessing = 0;
		};
/* End PBXResourcesBuildPhase section */

/* Begin PBXSourcesBuildPhase section */
		CA0B402125DD7543008BAF31 /* Sources */ = {
			isa = PBXSourcesBuildPhase;
			buildActionMask = 2147483647;
			files = (
				CA0B402925DD7543008BAF31 /* AppDelegate.swift in Sources */,
				CA0B402B25DD7543008BAF31 /* SceneDelegate.swift in Sources */,
				CA9848D425DEA47B004CCEDC /* EmojiMemoryGameViewModel.swift in Sources */,
				CA9FE69225F67C2800F53463 /* EmojiMemoryGameTheme.swift in Sources */,
				CA9FE69525F6837C00F53463 /* String+Capitalize.swift in Sources */,
				CA9FE68E25F583BD00F53463 /* Array+Only.swift in Sources */,
				CA8DF12F25FECF2D00A5E846 /* Cardify.swift in Sources */,
				CA8DF12B25FEC35400A5E846 /* Pie.swift in Sources */,
				CA9FE68325F55AA500F53463 /* GridLayout.swift in Sources */,
				CA9848D025DEA460004CCEDC /* MemoryGame.swift in Sources */,
				CA9FE68B25F57D8B00F53463 /* Array+Identifiable.swift in Sources */,
				CA9FE68625F55C0E00F53463 /* Grid.swift in Sources */,
				CA0B402D25DD7543008BAF31 /* EmojiMemoryGameView.swift in Sources */,
			);
			runOnlyForDeploymentPostprocessing = 0;
		};
/* End PBXSourcesBuildPhase section */

/* Begin PBXVariantGroup section */
		CA0B403325DD7544008BAF31 /* LaunchScreen.storyboard */ = {
			isa = PBXVariantGroup;
			children = (
				CA0B403425DD7544008BAF31 /* Base */,
			);
			name = LaunchScreen.storyboard;
			sourceTree = "<group>";
		};
/* End PBXVariantGroup section */

/* Begin XCBuildConfiguration section */
		CA0B403725DD7544008BAF31 /* Debug */ = {
			isa = XCBuildConfiguration;
			buildSettings = {
				ALWAYS_SEARCH_USER_PATHS = NO;
				CLANG_ANALYZER_NONNULL = YES;
				CLANG_ANALYZER_NUMBER_OBJECT_CONVERSION = YES_AGGRESSIVE;
				CLANG_CXX_LANGUAGE_STANDARD = "gnu++14";
				CLANG_CXX_LIBRARY = "libc++";
				CLANG_ENABLE_MODULES = YES;
				CLANG_ENABLE_OBJC_ARC = YES;
				CLANG_ENABLE_OBJC_WEAK = YES;
				CLANG_WARN_BLOCK_CAPTURE_AUTORELEASING = YES;
				CLANG_WARN_BOOL_CONVERSION = YES;
				CLANG_WARN_COMMA = YES;
				CLANG_WARN_CONSTANT_CONVERSION = YES;
				CLANG_WARN_DEPRECATED_OBJC_IMPLEMENTATIONS = YES;
				CLANG_WARN_DIRECT_OBJC_ISA_USAGE = YES_ERROR;
				CLANG_WARN_DOCUMENTATION_COMMENTS = YES;
				CLANG_WARN_EMPTY_BODY = YES;
				CLANG_WARN_ENUM_CONVERSION = YES;
				CLANG_WARN_INFINITE_RECURSION = YES;
				CLANG_WARN_INT_CONVERSION = YES;
				CLANG_WARN_NON_LITERAL_NULL_CONVERSION = YES;
				CLANG_WARN_OBJC_IMPLICIT_RETAIN_SELF = YES;
				CLANG_WARN_OBJC_LITERAL_CONVERSION = YES;
				CLANG_WARN_OBJC_ROOT_CLASS = YES_ERROR;
				CLANG_WARN_QUOTED_INCLUDE_IN_FRAMEWORK_HEADER = YES;
				CLANG_WARN_RANGE_LOOP_ANALYSIS = YES;
				CLANG_WARN_STRICT_PROTOTYPES = YES;
				CLANG_WARN_SUSPICIOUS_MOVE = YES;
				CLANG_WARN_UNGUARDED_AVAILABILITY = YES_AGGRESSIVE;
				CLANG_WARN_UNREACHABLE_CODE = YES;
				CLANG_WARN__DUPLICATE_METHOD_MATCH = YES;
				COPY_PHASE_STRIP = NO;
				DEBUG_INFORMATION_FORMAT = dwarf;
				ENABLE_STRICT_OBJC_MSGSEND = YES;
				ENABLE_TESTABILITY = YES;
				GCC_C_LANGUAGE_STANDARD = gnu11;
				GCC_DYNAMIC_NO_PIC = NO;
				GCC_NO_COMMON_BLOCKS = YES;
				GCC_OPTIMIZATION_LEVEL = 0;
				GCC_PREPROCESSOR_DEFINITIONS = (
					"DEBUG=1",
					"$(inherited)",
				);
				GCC_WARN_64_TO_32_BIT_CONVERSION = YES;
				GCC_WARN_ABOUT_RETURN_TYPE = YES_ERROR;
				GCC_WARN_UNDECLARED_SELECTOR = YES;
				GCC_WARN_UNINITIALIZED_AUTOS = YES_AGGRESSIVE;
				GCC_WARN_UNUSED_FUNCTION = YES;
				GCC_WARN_UNUSED_VARIABLE = YES;
				IPHONEOS_DEPLOYMENT_TARGET = 14.4;
				MTL_ENABLE_DEBUG_INFO = INCLUDE_SOURCE;
				MTL_FAST_MATH = YES;
				ONLY_ACTIVE_ARCH = YES;
				SDKROOT = iphoneos;
				SWIFT_ACTIVE_COMPILATION_CONDITIONS = DEBUG;
				SWIFT_OPTIMIZATION_LEVEL = "-Onone";
			};
			name = Debug;
		};
		CA0B403825DD7544008BAF31 /* Release */ = {
			isa = XCBuildConfiguration;
			buildSettings = {
				ALWAYS_SEARCH_USER_PATHS = NO;
				CLANG_ANALYZER_NONNULL = YES;
				CLANG_ANALYZER_NUMBER_OBJECT_CONVERSION = YES_AGGRESSIVE;
				CLANG_CXX_LANGUAGE_STANDARD = "gnu++14";
				CLANG_CXX_LIBRARY = "libc++";
				CLANG_ENABLE_MODULES = YES;
				CLANG_ENABLE_OBJC_ARC = YES;
				CLANG_ENABLE_OBJC_WEAK = YES;
				CLANG_WARN_BLOCK_CAPTURE_AUTORELEASING = YES;
				CLANG_WARN_BOOL_CONVERSION = YES;
				CLANG_WARN_COMMA = YES;
				CLANG_WARN_CONSTANT_CONVERSION = YES;
				CLANG_WARN_DEPRECATED_OBJC_IMPLEMENTATIONS = YES;
				CLANG_WARN_DIRECT_OBJC_ISA_USAGE = YES_ERROR;
				CLANG_WARN_DOCUMENTATION_COMMENTS = YES;
				CLANG_WARN_EMPTY_BODY = YES;
				CLANG_WARN_ENUM_CONVERSION = YES;
				CLANG_WARN_INFINITE_RECURSION = YES;
				CLANG_WARN_INT_CONVERSION = YES;
				CLANG_WARN_NON_LITERAL_NULL_CONVERSION = YES;
				CLANG_WARN_OBJC_IMPLICIT_RETAIN_SELF = YES;
				CLANG_WARN_OBJC_LITERAL_CONVERSION = YES;
				CLANG_WARN_OBJC_ROOT_CLASS = YES_ERROR;
				CLANG_WARN_QUOTED_INCLUDE_IN_FRAMEWORK_HEADER = YES;
				CLANG_WARN_RANGE_LOOP_ANALYSIS = YES;
				CLANG_WARN_STRICT_PROTOTYPES = YES;
				CLANG_WARN_SUSPICIOUS_MOVE = YES;
				CLANG_WARN_UNGUARDED_AVAILABILITY = YES_AGGRESSIVE;
				CLANG_WARN_UNREACHABLE_CODE = YES;
				CLANG_WARN__DUPLICATE_METHOD_MATCH = YES;
				COPY_PHASE_STRIP = NO;
				DEBUG_INFORMATION_FORMAT = "dwarf-with-dsym";
				ENABLE_NS_ASSERTIONS = NO;
				ENABLE_STRICT_OBJC_MSGSEND = YES;
				GCC_C_LANGUAGE_STANDARD = gnu11;
				GCC_NO_COMMON_BLOCKS = YES;
				GCC_WARN_64_TO_32_BIT_CONVERSION = YES;
				GCC_WARN_ABOUT_RETURN_TYPE = YES_ERROR;
				GCC_WARN_UNDECLARED_SELECTOR = YES;
				GCC_WARN_UNINITIALIZED_AUTOS = YES_AGGRESSIVE;
				GCC_WARN_UNUSED_FUNCTION = YES;
				GCC_WARN_UNUSED_VARIABLE = YES;
				IPHONEOS_DEPLOYMENT_TARGET = 14.4;
				MTL_ENABLE_DEBUG_INFO = NO;
				MTL_FAST_MATH = YES;
				SDKROOT = iphoneos;
				SWIFT_COMPILATION_MODE = wholemodule;
				SWIFT_OPTIMIZATION_LEVEL = "-O";
				VALIDATE_PRODUCT = YES;
			};
			name = Release;
		};
		CA0B403A25DD7544008BAF31 /* Debug */ = {
			isa = XCBuildConfiguration;
			buildSettings = {
				ASSETCATALOG_COMPILER_APPICON_NAME = AppIcon;
				ASSETCATALOG_COMPILER_GLOBAL_ACCENT_COLOR_NAME = AccentColor;
				CODE_SIGN_STYLE = Automatic;
				DEVELOPMENT_ASSET_PATHS = "\"MemorizeReplica/Preview Content\"";
				DEVELOPMENT_TEAM = 95A3Z2AW32;
				ENABLE_PREVIEWS = YES;
				INFOPLIST_FILE = MemorizeReplica/Info.plist;
				LD_RUNPATH_SEARCH_PATHS = (
					"$(inherited)",
					"@executable_path/Frameworks",
				);
				PRODUCT_BUNDLE_IDENTIFIER = com.pan.MemorizeReplica;
				PRODUCT_NAME = Memorize;
				SWIFT_VERSION = 5.0;
				TARGETED_DEVICE_FAMILY = "1,2";
			};
			name = Debug;
		};
		CA0B403B25DD7544008BAF31 /* Release */ = {
			isa = XCBuildConfiguration;
			buildSettings = {
				ASSETCATALOG_COMPILER_APPICON_NAME = AppIcon;
				ASSETCATALOG_COMPILER_GLOBAL_ACCENT_COLOR_NAME = AccentColor;
				CODE_SIGN_STYLE = Automatic;
				DEVELOPMENT_ASSET_PATHS = "\"MemorizeReplica/Preview Content\"";
				DEVELOPMENT_TEAM = 95A3Z2AW32;
				ENABLE_PREVIEWS = YES;
				INFOPLIST_FILE = MemorizeReplica/Info.plist;
				LD_RUNPATH_SEARCH_PATHS = (
					"$(inherited)",
					"@executable_path/Frameworks",
				);
				PRODUCT_BUNDLE_IDENTIFIER = com.pan.MemorizeReplica;
				PRODUCT_NAME = Memorize;
				SWIFT_VERSION = 5.0;
				TARGETED_DEVICE_FAMILY = "1,2";
			};
			name = Release;
		};
/* End XCBuildConfiguration section */

/* Begin XCConfigurationList section */
		CA0B402025DD7543008BAF31 /* Build configuration list for PBXProject "MemorizeReplica" */ = {
			isa = XCConfigurationList;
			buildConfigurations = (
				CA0B403725DD7544008BAF31 /* Debug */,
				CA0B403825DD7544008BAF31 /* Release */,
			);
			defaultConfigurationIsVisible = 0;
			defaultConfigurationName = Release;
		};
		CA0B403925DD7544008BAF31 /* Build configuration list for PBXNativeTarget "MemorizeReplica" */ = {
			isa = XCConfigurationList;
			buildConfigurations = (
				CA0B403A25DD7544008BAF31 /* Debug */,
				CA0B403B25DD7544008BAF31 /* Release */,
			);
			defaultConfigurationIsVisible = 0;
			defaultConfigurationName = Release;
		};
/* End XCConfigurationList section */
	};
	rootObject = CA0B401D25DD7543008BAF31 /* Project object */;
}
